
Microsoft Visual Studio Solution File, Format Version 12.00
# Visual Studio Version 17
VisualStudioVersion = 17.0.32014.148
MinimumVisualStudioVersion = 10.0.40219.1
Project("{FAE04EC0-301F-11D3-BF4B-00C04F79EFBC}") = "OS_File_System", "OS_File_System\OS_File_System.csproj", "{93D600DB-A1D5-4E03-BD9B-2D45A3BEA23C}"
EndProject
Global
	GlobalSection(SolutionConfigurationPlatforms) = preSolution
		Debug|Any CPU = Debug|Any CPU
		Release|Any CPU = Release|Any CPU
	EndGlobalSection
	GlobalSection(ProjectConfigurationPlatforms) = postSolution
		{93D600DB-A1D5-4E03-BD9B-2D45A3BEA23C}.Debug|Any CPU.ActiveCfg = Debug|Any CPU
		{93D600DB-A1D5-4E03-BD9B-2D45A3BEA23C}.Debug|Any CPU.Build.0 = Debug|Any CPU
		{93D600DB-A1D5-4E03-BD9B-2D45A3BEA23C}.Release|Any CPU.ActiveCfg = Release|Any CPU
		{93D600DB-A1D5-4E03-BD9B-2D45A3BEA23C}.Release|Any CPU.Build.0 = Release|Any CPU
	EndGlobalSection
	GlobalSection(SolutionProperties) = preSolution
		HideSolutionNode = FALSE
	EndGlobalSection
	GlobalSection(ExtensibilityGlobals) = postSolution
		SolutionGuid = {142A6821-D42B-4F6A-9904-4FE3CCC15C3A}
	EndGlobalSection
EndGlobal
